
Microsoft Visual Studio Solution File, Format Version 12.00
# Visual Studio 15
VisualStudioVersion = 15.0.28307.168
MinimumVisualStudioVersion = 10.0.40219.1
Project("{2150E333-8FDC-42A3-9474-1A3956D46DE8}") = "Source", "Source", "{B8198EC7-9321-4FF6-A3F9-443EB132183A}"
EndProject
Project("{2150E333-8FDC-42A3-9474-1A3956D46DE8}") = "ThirdParty", "ThirdParty", "{6C281E0D-F301-4198-AD99-F1AF4D786945}"
EndProject
Project("{9A19103F-16F7-4668-BE54-9A1E7A4F7556}") = "Ether.Network", "ThirdParty\Ether.Network\src\Ether.Network\Ether.Network.csproj", "{E15607A1-CBCB-411D-A45C-F63EB0CAEC2E}"
EndProject
Project("{9A19103F-16F7-4668-BE54-9A1E7A4F7556}") = "MemSharpClient", "Source\MemSharpClient\MemSharpClient.csproj", "{4E280297-F928-4006-A574-6E4C4DB63F65}"
EndProject
Project("{2150E333-8FDC-42A3-9474-1A3956D46DE8}") = "Samples", "Samples", "{3284EDA0-17AD-428F-948B-3D229DCAF2CE}"
EndProject
Project("{9A19103F-16F7-4668-BE54-9A1E7A4F7556}") = "MemSharpSampleScript", "Samples\MemSharpSampleScript\MemSharpSampleScript.csproj", "{3184CE14-A8A0-402E-B607-DB31D11B3396}"
EndProject
Project("{FAE04EC0-301F-11D3-BF4B-00C04F79EFBC}") = "MemSharpCommon", "Source\MemSharpCommon\MemSharpCommon.csproj", "{849FB99E-7F59-4D25-A535-BBC2F7DBE093}"
EndProject
Project("{8BC9CEB8-8B4A-11D0-8D11-00A0C91BC942}") = "MemSharpHost", "Source\MemSharpHost\MemSharpHost.vcxproj", "{99A01709-4CFB-4DE9-8484-AF013AF83C4C}"
EndProject
Global
	GlobalSection(SolutionConfigurationPlatforms) = preSolution
		Debug|Any CPU = Debug|Any CPU
		Debug|x64 = Debug|x64
		Debug|x86 = Debug|x86
		Release|Any CPU = Release|Any CPU
		Release|x64 = Release|x64
		Release|x86 = Release|x86
	EndGlobalSection
	GlobalSection(ProjectConfigurationPlatforms) = postSolution
		{E15607A1-CBCB-411D-A45C-F63EB0CAEC2E}.Debug|Any CPU.ActiveCfg = Debug|Any CPU
		{E15607A1-CBCB-411D-A45C-F63EB0CAEC2E}.Debug|Any CPU.Build.0 = Debug|Any CPU
		{E15607A1-CBCB-411D-A45C-F63EB0CAEC2E}.Debug|x64.ActiveCfg = Debug|Any CPU
		{E15607A1-CBCB-411D-A45C-F63EB0CAEC2E}.Debug|x64.Build.0 = Debug|Any CPU
		{E15607A1-CBCB-411D-A45C-F63EB0CAEC2E}.Debug|x86.ActiveCfg = Debug|Any CPU
		{E15607A1-CBCB-411D-A45C-F63EB0CAEC2E}.Debug|x86.Build.0 = Debug|Any CPU
		{E15607A1-CBCB-411D-A45C-F63EB0CAEC2E}.Release|Any CPU.ActiveCfg = Release|Any CPU
		{E15607A1-CBCB-411D-A45C-F63EB0CAEC2E}.Release|Any CPU.Build.0 = Release|Any CPU
		{E15607A1-CBCB-411D-A45C-F63EB0CAEC2E}.Release|x64.ActiveCfg = Release|Any CPU
		{E15607A1-CBCB-411D-A45C-F63EB0CAEC2E}.Release|x64.Build.0 = Release|Any CPU
		{E15607A1-CBCB-411D-A45C-F63EB0CAEC2E}.Release|x86.ActiveCfg = Release|Any CPU
		{E15607A1-CBCB-411D-A45C-F63EB0CAEC2E}.Release|x86.Build.0 = Release|Any CPU
		{4E280297-F928-4006-A574-6E4C4DB63F65}.Debug|Any CPU.ActiveCfg = Debug|Any CPU
		{4E280297-F928-4006-A574-6E4C4DB63F65}.Debug|Any CPU.Build.0 = Debug|Any CPU
		{4E280297-F928-4006-A574-6E4C4DB63F65}.Debug|x64.ActiveCfg = Debug|Any CPU
		{4E280297-F928-4006-A574-6E4C4DB63F65}.Debug|x64.Build.0 = Debug|Any CPU
		{4E280297-F928-4006-A574-6E4C4DB63F65}.Debug|x86.ActiveCfg = Debug|Any CPU
		{4E280297-F928-4006-A574-6E4C4DB63F65}.Debug|x86.Build.0 = Debug|Any CPU
		{4E280297-F928-4006-A574-6E4C4DB63F65}.Release|Any CPU.ActiveCfg = Release|Any CPU
		{4E280297-F928-4006-A574-6E4C4DB63F65}.Release|Any CPU.Build.0 = Release|Any CPU
		{4E280297-F928-4006-A574-6E4C4DB63F65}.Release|x64.ActiveCfg = Release|Any CPU
		{4E280297-F928-4006-A574-6E4C4DB63F65}.Release|x64.Build.0 = Release|Any CPU
		{4E280297-F928-4006-A574-6E4C4DB63F65}.Release|x86.ActiveCfg = Release|Any CPU
		{4E280297-F928-4006-A574-6E4C4DB63F65}.Release|x86.Build.0 = Release|Any CPU
		{3184CE14-A8A0-402E-B607-DB31D11B3396}.Debug|Any CPU.ActiveCfg = Debug|Any CPU
		{3184CE14-A8A0-402E-B607-DB31D11B3396}.Debug|Any CPU.Build.0 = Debug|Any CPU
		{3184CE14-A8A0-402E-B607-DB31D11B3396}.Debug|x64.ActiveCfg = Debug|Any CPU
		{3184CE14-A8A0-402E-B607-DB31D11B3396}.Debug|x64.Build.0 = Debug|Any CPU
		{3184CE14-A8A0-402E-B607-DB31D11B3396}.Debug|x86.ActiveCfg = Debug|Any CPU
		{3184CE14-A8A0-402E-B607-DB31D11B3396}.Debug|x86.Build.0 = Debug|Any CPU
		{3184CE14-A8A0-402E-B607-DB31D11B3396}.Release|Any CPU.ActiveCfg = Release|Any CPU
		{3184CE14-A8A0-402E-B607-DB31D11B3396}.Release|Any CPU.Build.0 = Release|Any CPU
		{3184CE14-A8A0-402E-B607-DB31D11B3396}.Release|x64.ActiveCfg = Release|Any CPU
		{3184CE14-A8A0-402E-B607-DB31D11B3396}.Release|x64.Build.0 = Release|Any CPU
		{3184CE14-A8A0-402E-B607-DB31D11B3396}.Release|x86.ActiveCfg = Release|Any CPU
		{3184CE14-A8A0-402E-B607-DB31D11B3396}.Release|x86.Build.0 = Release|Any CPU
		{849FB99E-7F59-4D25-A535-BBC2F7DBE093}.Debug|Any CPU.ActiveCfg = Debug|Any CPU
		{849FB99E-7F59-4D25-A535-BBC2F7DBE093}.Debug|Any CPU.Build.0 = Debug|Any CPU
		{849FB99E-7F59-4D25-A535-BBC2F7DBE093}.Debug|x64.ActiveCfg = Debug|Any CPU
		{849FB99E-7F59-4D25-A535-BBC2F7DBE093}.Debug|x64.Build.0 = Debug|Any CPU
		{849FB99E-7F59-4D25-A535-BBC2F7DBE093}.Debug|x86.ActiveCfg = Debug|Any CPU
		{849FB99E-7F59-4D25-A535-BBC2F7DBE093}.Debug|x86.Build.0 = Debug|Any CPU
		{849FB99E-7F59-4D25-A535-BBC2F7DBE093}.Release|Any CPU.ActiveCfg = Release|Any CPU
		{849FB99E-7F59-4D25-A535-BBC2F7DBE093}.Release|Any CPU.Build.0 = Release|Any CPU
		{849FB99E-7F59-4D25-A535-BBC2F7DBE093}.Release|x64.ActiveCfg = Release|Any CPU
		{849FB99E-7F59-4D25-A535-BBC2F7DBE093}.Release|x64.Build.0 = Release|Any CPU
		{849FB99E-7F59-4D25-A535-BBC2F7DBE093}.Release|x86.ActiveCfg = Release|Any CPU
		{849FB99E-7F59-4D25-A535-BBC2F7DBE093}.Release|x86.Build.0 = Release|Any CPU
		{99A01709-4CFB-4DE9-8484-AF013AF83C4C}.Debug|Any CPU.ActiveCfg = Debug|Win32
		{99A01709-4CFB-4DE9-8484-AF013AF83C4C}.Debug|Any CPU.Build.0 = Debug|Win32
		{99A01709-4CFB-4DE9-8484-AF013AF83C4C}.Debug|x64.ActiveCfg = Debug|x64
		{99A01709-4CFB-4DE9-8484-AF013AF83C4C}.Debug|x64.Build.0 = Debug|x64
		{99A01709-4CFB-4DE9-8484-AF013AF83C4C}.Debug|x86.ActiveCfg = Debug|Win32
		{99A01709-4CFB-4DE9-8484-AF013AF83C4C}.Debug|x86.Build.0 = Debug|Win32
		{99A01709-4CFB-4DE9-8484-AF013AF83C4C}.Release|Any CPU.ActiveCfg = Release|Win32
		{99A01709-4CFB-4DE9-8484-AF013AF83C4C}.Release|x64.ActiveCfg = Release|x64
		{99A01709-4CFB-4DE9-8484-AF013AF83C4C}.Release|x64.Build.0 = Release|x64
		{99A01709-4CFB-4DE9-8484-AF013AF83C4C}.Release|x86.ActiveCfg = Release|Win32
		{99A01709-4CFB-4DE9-8484-AF013AF83C4C}.Release|x86.Build.0 = Release|Win32
	EndGlobalSection
	GlobalSection(SolutionProperties) = preSolution
		HideSolutionNode = FALSE
	EndGlobalSection
	GlobalSection(NestedProjects) = preSolution
		{E15607A1-CBCB-411D-A45C-F63EB0CAEC2E} = {6C281E0D-F301-4198-AD99-F1AF4D786945}
		{4E280297-F928-4006-A574-6E4C4DB63F65} = {B8198EC7-9321-4FF6-A3F9-443EB132183A}
		{3184CE14-A8A0-402E-B607-DB31D11B3396} = {3284EDA0-17AD-428F-948B-3D229DCAF2CE}
		{849FB99E-7F59-4D25-A535-BBC2F7DBE093} = {B8198EC7-9321-4FF6-A3F9-443EB132183A}
		{99A01709-4CFB-4DE9-8484-AF013AF83C4C} = {B8198EC7-9321-4FF6-A3F9-443EB132183A}
	EndGlobalSection
	GlobalSection(ExtensibilityGlobals) = postSolution
		SolutionGuid = {0D940221-EDFB-4951-9841-B64F8C19C3B3}
	EndGlobalSection
EndGlobal
